# THIS IS AN AUTOGENERATED FILE. DO NOT EDIT THIS FILE DIRECTLY.
# yarn lockfile v1


"@reatom/core@^1.1.5":
  version "1.1.5"
  resolved "https://registry.yarnpkg.com/@reatom/core/-/core-1.1.5.tgz#ad80dc83dfabe222c840d56ae3e8571c242b4f34"
  integrity sha512-Bi28IltJDsY6+3v+DsK6NGXRGBuB/2S7mYsRM9xvASH63IwnVF7h3B5p3egt3NGLI3UUfK8CLA65EvD577rTZg==

path-parser@6.1.0:
  version "6.1.0"
  resolved "https://registry.yarnpkg.com/path-parser/-/path-parser-6.1.0.tgz#ee8a1dd7b1ffaf4069f2ddd1c20d1867c8fd3a08"
  integrity sha512-nAB6J73z2rFcQP+870OHhpkHFj5kO4rPLc2Ol4Y3Ale7F6Hk1/cPKp7cQ8RznKF8FOSvu+YR9Xc6Gafk7DlpYA==
  dependencies:
    search-params "3.0.0"
    tslib "^1.10.0"

prettier@^1.18.2:
  version "1.19.1"
  resolved "https://registry.yarnpkg.com/prettier/-/prettier-1.19.1.tgz#f7d7f5ff8a9cd872a7be4ca142095956a60797cb"
  integrity sha512-s7PoyDv/II1ObgQunCbB9PdLmUcBZcnWOcxDh7O0N/UwDEsHyqkW+Qh28jW+mVuCdx7gLB0BotYI1Y6uI9iyew==

route-node@4.1.1:
  version "4.1.1"
  resolved "https://registry.yarnpkg.com/route-node/-/route-node-4.1.1.tgz#9006600160982db0b19d2f093d4271f9fd7548ea"
  integrity sha512-bJVDVEQvXYqTC/LQ/2ohNZ2gPRO4+3ZvHeafuCyRZAd63qH17yspVfxOBzasE/t7SmSO30sT/yPSEMuPDGHhSQ==
  dependencies:
    path-parser "6.1.0"
    search-params "3.0.0"
    tslib "^1.10.0"

router5-transition-path@^8.0.1:
  version "8.0.1"
  resolved "https://registry.yarnpkg.com/router5-transition-path/-/router5-transition-path-8.0.1.tgz#51bfc8adcee3e3b2b6872ac8252d74b501ae3e96"
  integrity sha512-l7MFEUmasEhe1emrO79t7BkCqQQRZdenz4c3qJmZpe8V6BCerZQR+SYbZL5zmQ3hazY7nR264jCWuNed+cMD2A==

router5@^8.0.1:
  version "8.0.1"
  resolved "https://registry.yarnpkg.com/router5/-/router5-8.0.1.tgz#8ef47dce54a3da2c05b222ba0dd0a5f35871e64d"
  integrity sha512-LBLQAYd2ZI1FiiBqGf82oC+LRD0PUABrZqTzd6OmyK+t5N8wRs3hbIxeiy/9Zy+xI8Fdf/0WM68P41W6MH8pdQ==
  dependencies:
    route-node "4.1.1"
    router5-transition-path "^8.0.1"
    symbol-observable "1.2.0"

search-params@3.0.0:
  version "3.0.0"
  resolved "https://registry.yarnpkg.com/search-params/-/search-params-3.0.0.tgz#dbc7c243058e5a33ae1e9870be91f5aced4100d8"
  integrity sha512-8CYNl/bjkEhXWbDTU/K7c2jQtrnqEffIPyOLMqygW/7/b+ym8UtQumcAZjOfMLjZKR6AxK5tOr9fChbQZCzPqg==

symbol-observable@1.2.0:
  version "1.2.0"
  resolved "https://registry.yarnpkg.com/symbol-observable/-/symbol-observable-1.2.0.tgz#c22688aed4eab3cdc2dfeacbb561660560a00804"
  integrity sha512-e900nM8RRtGhlV36KGEU9k65K3mPb1WV70OdjfxlG2EAuM1noi/E/BaW/uMhL7bPEssK8QV57vN3esixjUvcXQ==

tslib@^1.10.0, tslib@^1.13.0:
  version "1.14.1"
  resolved "https://registry.yarnpkg.com/tslib/-/tslib-1.14.1.tgz#cf2d38bdc34a134bcaf1091c41f6619e2f672d00"
  integrity sha512-Xni35NKzjgMrwevysHTCArtLDpPvye8zV/0E4EyYn43P7/7qvQwPh9BGkHewbMulVntbigmcT7rdX3BNo9wRJg==

typescript@^3.6.4:
  version "3.9.7"
  resolved "https://registry.yarnpkg.com/typescript/-/typescript-3.9.7.tgz#98d600a5ebdc38f40cb277522f12dc800e9e25fa"
  integrity sha512-BLbiRkiBzAwsjut4x/dsibSTB6yWpwT5qWmC2OfuCg3GgVQCSgMs4vEctYPhsaGtd0AeuuHMkjZ2h2WG8MSzRw==
